
Microsoft Visual Studio Solution File, Format Version 12.00
# Visual Studio Version 16
VisualStudioVersion = 16.0.30413.136
MinimumVisualStudioVersion = 10.0.40219.1
Project("{FAE04EC0-301F-11D3-BF4B-00C04F79EFBC}") = "sengstrom1730ex1b", "sengstrom1730ex1b\sengstrom1730ex1b.csproj", "{21F9B84C-907D-4591-83B1-679BE1A679CF}"
EndProject
Project("{FAE04EC0-301F-11D3-BF4B-00C04F79EFBC}") = "sengstrom1730ex1c", "sengstrom1730ex1c\sengstrom1730ex1c.csproj", "{F38EFE6F-A43C-431A-9519-5FC0D5F67799}"
EndProject
Project("{FAE04EC0-301F-11D3-BF4B-00C04F79EFBC}") = "sengstrom1730ex1d", "sengstrom1730ex1d\sengstrom1730ex1d.csproj", "{2D278CF0-ED61-4A49-8FFB-E6C714AB1AA7}"
EndProject
Project("{FAE04EC0-301F-11D3-BF4B-00C04F79EFBC}") = "engstrom1730ex1e", "engstrom1730ex1e\engstrom1730ex1e.csproj", "{0CDC23F5-ED16-4C35-A7C0-145BE5D3F5C7}"
EndProject
Global
	GlobalSection(SolutionConfigurationPlatforms) = preSolution
		Debug|Any CPU = Debug|Any CPU
		Release|Any CPU = Release|Any CPU
	EndGlobalSection
	GlobalSection(ProjectConfigurationPlatforms) = postSolution
		{21F9B84C-907D-4591-83B1-679BE1A679CF}.Debug|Any CPU.ActiveCfg = Debug|Any CPU
		{21F9B84C-907D-4591-83B1-679BE1A679CF}.Debug|Any CPU.Build.0 = Debug|Any CPU
		{21F9B84C-907D-4591-83B1-679BE1A679CF}.Release|Any CPU.ActiveCfg = Release|Any CPU
		{21F9B84C-907D-4591-83B1-679BE1A679CF}.Release|Any CPU.Build.0 = Release|Any CPU
		{F38EFE6F-A43C-431A-9519-5FC0D5F67799}.Debug|Any CPU.ActiveCfg = Debug|Any CPU
		{F38EFE6F-A43C-431A-9519-5FC0D5F67799}.Debug|Any CPU.Build.0 = Debug|Any CPU
		{F38EFE6F-A43C-431A-9519-5FC0D5F67799}.Release|Any CPU.ActiveCfg = Release|Any CPU
		{F38EFE6F-A43C-431A-9519-5FC0D5F67799}.Release|Any CPU.Build.0 = Release|Any CPU
		{2D278CF0-ED61-4A49-8FFB-E6C714AB1AA7}.Debug|Any CPU.ActiveCfg = Debug|Any CPU
		{2D278CF0-ED61-4A49-8FFB-E6C714AB1AA7}.Debug|Any CPU.Build.0 = Debug|Any CPU
		{2D278CF0-ED61-4A49-8FFB-E6C714AB1AA7}.Release|Any CPU.ActiveCfg = Release|Any CPU
		{2D278CF0-ED61-4A49-8FFB-E6C714AB1AA7}.Release|Any CPU.Build.0 = Release|Any CPU
		{0CDC23F5-ED16-4C35-A7C0-145BE5D3F5C7}.Debug|Any CPU.ActiveCfg = Debug|Any CPU
		{0CDC23F5-ED16-4C35-A7C0-145BE5D3F5C7}.Debug|Any CPU.Build.0 = Debug|Any CPU
		{0CDC23F5-ED16-4C35-A7C0-145BE5D3F5C7}.Release|Any CPU.ActiveCfg = Release|Any CPU
		{0CDC23F5-ED16-4C35-A7C0-145BE5D3F5C7}.Release|Any CPU.Build.0 = Release|Any CPU
	EndGlobalSection
	GlobalSection(SolutionProperties) = preSolution
		HideSolutionNode = FALSE
	EndGlobalSection
	GlobalSection(ExtensibilityGlobals) = postSolution
		SolutionGuid = {F8156692-6D2D-4F4C-99F0-9DDB1E9A9ACF}
	EndGlobalSection
EndGlobal
